
Microsoft Visual Studio Solution File, Format Version 12.00
# Visual Studio Version 16
VisualStudioVersion = 16.0.31410.357
MinimumVisualStudioVersion = 10.0.40219.1
Project("{FAE04EC0-301F-11D3-BF4B-00C04F79EFBC}") = "RPS", "RPS\RPS.csproj", "{E5A1DBAF-5BDD-4201-8879-F59A80499B6A}"
EndProject
Global
	GlobalSection(SolutionConfigurationPlatforms) = preSolution
		Debug|Any CPU = Debug|Any CPU
		Release|Any CPU = Release|Any CPU
	EndGlobalSection
	GlobalSection(ProjectConfigurationPlatforms) = postSolution
		{E5A1DBAF-5BDD-4201-8879-F59A80499B6A}.Debug|Any CPU.ActiveCfg = Debug|Any CPU
		{E5A1DBAF-5BDD-4201-8879-F59A80499B6A}.Debug|Any CPU.Build.0 = Debug|Any CPU
		{E5A1DBAF-5BDD-4201-8879-F59A80499B6A}.Release|Any CPU.ActiveCfg = Release|Any CPU
		{E5A1DBAF-5BDD-4201-8879-F59A80499B6A}.Release|Any CPU.Build.0 = Release|Any CPU
	EndGlobalSection
	GlobalSection(SolutionProperties) = preSolution
		HideSolutionNode = FALSE
	EndGlobalSection
	GlobalSection(ExtensibilityGlobals) = postSolution
		SolutionGuid = {18C4FC88-8349-430B-8B91-2C1BD5E5259D}
	EndGlobalSection
EndGlobal
